
Microsoft Visual Studio Solution File, Format Version 12.00
# Visual Studio Version 16
VisualStudioVersion = 16.0.30002.166
MinimumVisualStudioVersion = 10.0.40219.1
Project("{9A19103F-16F7-4668-BE54-9A1E7A4F7556}") = "MG.Auth", "MG.Auth\MG.Auth.csproj", "{292535FA-68FC-41BC-9F75-A4FE6731AFDB}"
EndProject
Project("{2150E333-8FDC-42A3-9474-1A3956D46DE8}") = "API", "API", "{E041253D-569F-40D5-80F5-5ED115CCBDC8}"
EndProject
Project("{2150E333-8FDC-42A3-9474-1A3956D46DE8}") = "UI", "UI", "{8D8D8A36-5243-4EC9-B5F4-5F35F0109172}"
EndProject
Project("{9A19103F-16F7-4668-BE54-9A1E7A4F7556}") = "MG.Doko", "MG.Doko\MG.Doko.csproj", "{FA9AC50E-8913-4D3B-9D7F-163D3D4A7138}"
	ProjectSection(ProjectDependencies) = postProject
		{B838BF08-5875-4513-B4D2-52696AC1D105} = {B838BF08-5875-4513-B4D2-52696AC1D105}
		{AAE1B4CD-B6B7-4C35-BCEE-2C6273954D95} = {AAE1B4CD-B6B7-4C35-BCEE-2C6273954D95}
		{953200EE-180B-478E-B70E-DCB395B297C1} = {953200EE-180B-478E-B70E-DCB395B297C1}
	EndProjectSection
EndProject
Project("{2150E333-8FDC-42A3-9474-1A3956D46DE8}") = "Doko", "Doko", "{7583E19F-ABCD-4C70-918B-6E5B5AE589F4}"
EndProject
Project("{9A19103F-16F7-4668-BE54-9A1E7A4F7556}") = "MG.Doko.Test", "MG.Doko.Test\MG.Doko.Test.csproj", "{81494A4E-9928-4E6D-9621-218AD588C0C4}"
EndProject
Project("{9A19103F-16F7-4668-BE54-9A1E7A4F7556}") = "MG.Doko.Domain", "MG.Doko.Domain\MG.Doko.Domain.csproj", "{953200EE-180B-478E-B70E-DCB395B297C1}"
EndProject
Project("{9A19103F-16F7-4668-BE54-9A1E7A4F7556}") = "MG.Doko.Repository", "MG.Doko.Repository\MG.Doko.Repository.csproj", "{B838BF08-5875-4513-B4D2-52696AC1D105}"
	ProjectSection(ProjectDependencies) = postProject
		{953200EE-180B-478E-B70E-DCB395B297C1} = {953200EE-180B-478E-B70E-DCB395B297C1}
	EndProjectSection
EndProject
Project("{9A19103F-16F7-4668-BE54-9A1E7A4F7556}") = "MG.Doko.Service", "MG.Doko.Service\MG.Doko.Service.csproj", "{AAE1B4CD-B6B7-4C35-BCEE-2C6273954D95}"
	ProjectSection(ProjectDependencies) = postProject
		{B838BF08-5875-4513-B4D2-52696AC1D105} = {B838BF08-5875-4513-B4D2-52696AC1D105}
		{953200EE-180B-478E-B70E-DCB395B297C1} = {953200EE-180B-478E-B70E-DCB395B297C1}
	EndProjectSection
EndProject
Project("{9A19103F-16F7-4668-BE54-9A1E7A4F7556}") = "MG.Doko.IOC", "MG.Doko.IOC\MG.Doko.IOC.csproj", "{9F3DF2ED-AA34-4AE7-A9DE-CB3E260D727B}"
EndProject
Project("{2150E333-8FDC-42A3-9474-1A3956D46DE8}") = "Doko", "Doko", "{DBE74C57-82F4-4301-A602-965479926832}"
EndProject
Project("{9A19103F-16F7-4668-BE54-9A1E7A4F7556}") = "MG.Doko.UI", "MG.Doko.UI\MG.Doko.UI.csproj", "{A78E4B93-28B6-4F56-AA48-9BD3831F4C28}"
EndProject
Project("{2150E333-8FDC-42A3-9474-1A3956D46DE8}") = "DokoClean", "DokoClean", "{D73FCECA-D4BB-48A1-959F-C04D16522718}"
EndProject
Project("{9A19103F-16F7-4668-BE54-9A1E7A4F7556}") = "LocationManagement.Api", "LocationManagement.Api\LocationManagement.Api.csproj", "{7E1F4D97-4D4A-4143-AF25-C140CAA0DD07}"
EndProject
Project("{9A19103F-16F7-4668-BE54-9A1E7A4F7556}") = "LocationManagement.Domain", "LocationManagement.Domain\LocationManagement.Domain.csproj", "{DA84C20F-3DF9-47A6-8A39-083174E5F726}"
EndProject
Project("{9A19103F-16F7-4668-BE54-9A1E7A4F7556}") = "LocationManagement.Application", "LocationManagement.Application\LocationManagement.Application.csproj", "{872577D6-5216-4BD8-8129-0580FCF5C67B}"
EndProject
Project("{9A19103F-16F7-4668-BE54-9A1E7A4F7556}") = "LocationManagement.Infrastructure", "LocationManagement.Infrastructure\LocationManagement.Infrastructure.csproj", "{BD637D8D-F2DD-4A52-B7F0-230F2C9A4818}"
EndProject
Global
	GlobalSection(SolutionConfigurationPlatforms) = preSolution
		Debug|Any CPU = Debug|Any CPU
		Release|Any CPU = Release|Any CPU
	EndGlobalSection
	GlobalSection(ProjectConfigurationPlatforms) = postSolution
		{292535FA-68FC-41BC-9F75-A4FE6731AFDB}.Debug|Any CPU.ActiveCfg = Debug|Any CPU
		{292535FA-68FC-41BC-9F75-A4FE6731AFDB}.Debug|Any CPU.Build.0 = Debug|Any CPU
		{292535FA-68FC-41BC-9F75-A4FE6731AFDB}.Release|Any CPU.ActiveCfg = Release|Any CPU
		{292535FA-68FC-41BC-9F75-A4FE6731AFDB}.Release|Any CPU.Build.0 = Release|Any CPU
		{FA9AC50E-8913-4D3B-9D7F-163D3D4A7138}.Debug|Any CPU.ActiveCfg = Debug|Any CPU
		{FA9AC50E-8913-4D3B-9D7F-163D3D4A7138}.Debug|Any CPU.Build.0 = Debug|Any CPU
		{FA9AC50E-8913-4D3B-9D7F-163D3D4A7138}.Release|Any CPU.ActiveCfg = Release|Any CPU
		{FA9AC50E-8913-4D3B-9D7F-163D3D4A7138}.Release|Any CPU.Build.0 = Release|Any CPU
		{81494A4E-9928-4E6D-9621-218AD588C0C4}.Debug|Any CPU.ActiveCfg = Debug|Any CPU
		{81494A4E-9928-4E6D-9621-218AD588C0C4}.Debug|Any CPU.Build.0 = Debug|Any CPU
		{81494A4E-9928-4E6D-9621-218AD588C0C4}.Release|Any CPU.ActiveCfg = Release|Any CPU
		{81494A4E-9928-4E6D-9621-218AD588C0C4}.Release|Any CPU.Build.0 = Release|Any CPU
		{953200EE-180B-478E-B70E-DCB395B297C1}.Debug|Any CPU.ActiveCfg = Debug|Any CPU
		{953200EE-180B-478E-B70E-DCB395B297C1}.Debug|Any CPU.Build.0 = Debug|Any CPU
		{953200EE-180B-478E-B70E-DCB395B297C1}.Release|Any CPU.ActiveCfg = Release|Any CPU
		{953200EE-180B-478E-B70E-DCB395B297C1}.Release|Any CPU.Build.0 = Release|Any CPU
		{B838BF08-5875-4513-B4D2-52696AC1D105}.Debug|Any CPU.ActiveCfg = Debug|Any CPU
		{B838BF08-5875-4513-B4D2-52696AC1D105}.Debug|Any CPU.Build.0 = Debug|Any CPU
		{B838BF08-5875-4513-B4D2-52696AC1D105}.Release|Any CPU.ActiveCfg = Release|Any CPU
		{B838BF08-5875-4513-B4D2-52696AC1D105}.Release|Any CPU.Build.0 = Release|Any CPU
		{AAE1B4CD-B6B7-4C35-BCEE-2C6273954D95}.Debug|Any CPU.ActiveCfg = Debug|Any CPU
		{AAE1B4CD-B6B7-4C35-BCEE-2C6273954D95}.Debug|Any CPU.Build.0 = Debug|Any CPU
		{AAE1B4CD-B6B7-4C35-BCEE-2C6273954D95}.Release|Any CPU.ActiveCfg = Release|Any CPU
		{AAE1B4CD-B6B7-4C35-BCEE-2C6273954D95}.Release|Any CPU.Build.0 = Release|Any CPU
		{9F3DF2ED-AA34-4AE7-A9DE-CB3E260D727B}.Debug|Any CPU.ActiveCfg = Debug|Any CPU
		{9F3DF2ED-AA34-4AE7-A9DE-CB3E260D727B}.Debug|Any CPU.Build.0 = Debug|Any CPU
		{9F3DF2ED-AA34-4AE7-A9DE-CB3E260D727B}.Release|Any CPU.ActiveCfg = Release|Any CPU
		{9F3DF2ED-AA34-4AE7-A9DE-CB3E260D727B}.Release|Any CPU.Build.0 = Release|Any CPU
		{A78E4B93-28B6-4F56-AA48-9BD3831F4C28}.Debug|Any CPU.ActiveCfg = Debug|Any CPU
		{A78E4B93-28B6-4F56-AA48-9BD3831F4C28}.Debug|Any CPU.Build.0 = Debug|Any CPU
		{A78E4B93-28B6-4F56-AA48-9BD3831F4C28}.Release|Any CPU.ActiveCfg = Release|Any CPU
		{A78E4B93-28B6-4F56-AA48-9BD3831F4C28}.Release|Any CPU.Build.0 = Release|Any CPU
		{7E1F4D97-4D4A-4143-AF25-C140CAA0DD07}.Debug|Any CPU.ActiveCfg = Debug|Any CPU
		{7E1F4D97-4D4A-4143-AF25-C140CAA0DD07}.Debug|Any CPU.Build.0 = Debug|Any CPU
		{7E1F4D97-4D4A-4143-AF25-C140CAA0DD07}.Release|Any CPU.ActiveCfg = Release|Any CPU
		{7E1F4D97-4D4A-4143-AF25-C140CAA0DD07}.Release|Any CPU.Build.0 = Release|Any CPU
		{DA84C20F-3DF9-47A6-8A39-083174E5F726}.Debug|Any CPU.ActiveCfg = Debug|Any CPU
		{DA84C20F-3DF9-47A6-8A39-083174E5F726}.Debug|Any CPU.Build.0 = Debug|Any CPU
		{DA84C20F-3DF9-47A6-8A39-083174E5F726}.Release|Any CPU.ActiveCfg = Release|Any CPU
		{DA84C20F-3DF9-47A6-8A39-083174E5F726}.Release|Any CPU.Build.0 = Release|Any CPU
		{872577D6-5216-4BD8-8129-0580FCF5C67B}.Debug|Any CPU.ActiveCfg = Debug|Any CPU
		{872577D6-5216-4BD8-8129-0580FCF5C67B}.Debug|Any CPU.Build.0 = Debug|Any CPU
		{872577D6-5216-4BD8-8129-0580FCF5C67B}.Release|Any CPU.ActiveCfg = Release|Any CPU
		{872577D6-5216-4BD8-8129-0580FCF5C67B}.Release|Any CPU.Build.0 = Release|Any CPU
		{BD637D8D-F2DD-4A52-B7F0-230F2C9A4818}.Debug|Any CPU.ActiveCfg = Debug|Any CPU
		{BD637D8D-F2DD-4A52-B7F0-230F2C9A4818}.Debug|Any CPU.Build.0 = Debug|Any CPU
		{BD637D8D-F2DD-4A52-B7F0-230F2C9A4818}.Release|Any CPU.ActiveCfg = Release|Any CPU
		{BD637D8D-F2DD-4A52-B7F0-230F2C9A4818}.Release|Any CPU.Build.0 = Release|Any CPU
	EndGlobalSection
	GlobalSection(SolutionProperties) = preSolution
		HideSolutionNode = FALSE
	EndGlobalSection
	GlobalSection(NestedProjects) = preSolution
		{FA9AC50E-8913-4D3B-9D7F-163D3D4A7138} = {7583E19F-ABCD-4C70-918B-6E5B5AE589F4}
		{7583E19F-ABCD-4C70-918B-6E5B5AE589F4} = {E041253D-569F-40D5-80F5-5ED115CCBDC8}
		{81494A4E-9928-4E6D-9621-218AD588C0C4} = {7583E19F-ABCD-4C70-918B-6E5B5AE589F4}
		{953200EE-180B-478E-B70E-DCB395B297C1} = {7583E19F-ABCD-4C70-918B-6E5B5AE589F4}
		{B838BF08-5875-4513-B4D2-52696AC1D105} = {7583E19F-ABCD-4C70-918B-6E5B5AE589F4}
		{AAE1B4CD-B6B7-4C35-BCEE-2C6273954D95} = {7583E19F-ABCD-4C70-918B-6E5B5AE589F4}
		{9F3DF2ED-AA34-4AE7-A9DE-CB3E260D727B} = {7583E19F-ABCD-4C70-918B-6E5B5AE589F4}
		{DBE74C57-82F4-4301-A602-965479926832} = {8D8D8A36-5243-4EC9-B5F4-5F35F0109172}
		{A78E4B93-28B6-4F56-AA48-9BD3831F4C28} = {DBE74C57-82F4-4301-A602-965479926832}
		{D73FCECA-D4BB-48A1-959F-C04D16522718} = {E041253D-569F-40D5-80F5-5ED115CCBDC8}
		{7E1F4D97-4D4A-4143-AF25-C140CAA0DD07} = {D73FCECA-D4BB-48A1-959F-C04D16522718}
		{DA84C20F-3DF9-47A6-8A39-083174E5F726} = {D73FCECA-D4BB-48A1-959F-C04D16522718}
		{872577D6-5216-4BD8-8129-0580FCF5C67B} = {D73FCECA-D4BB-48A1-959F-C04D16522718}
		{BD637D8D-F2DD-4A52-B7F0-230F2C9A4818} = {D73FCECA-D4BB-48A1-959F-C04D16522718}
	EndGlobalSection
	GlobalSection(ExtensibilityGlobals) = postSolution
		SolutionGuid = {83F09584-66A0-4963-B565-5F36449E38EC}
	EndGlobalSection
EndGlobal
